
Microsoft Visual Studio Solution File, Format Version 12.00
# Visual Studio Version 16
VisualStudioVersion = 16.0.31605.320
MinimumVisualStudioVersion = 10.0.40219.1
Project("{FAE04EC0-301F-11D3-BF4B-00C04F79EFBC}") = "HtmlToPdf", "HtmlToPdf\HtmlToPdf.csproj", "{69A122C2-5118-445E-AA5B-ACB4C3B6CD80}"
EndProject
Global
	GlobalSection(SolutionConfigurationPlatforms) = preSolution
		Debug|Any CPU = Debug|Any CPU
		Release|Any CPU = Release|Any CPU
	EndGlobalSection
	GlobalSection(ProjectConfigurationPlatforms) = postSolution
		{69A122C2-5118-445E-AA5B-ACB4C3B6CD80}.Debug|Any CPU.ActiveCfg = Debug|Any CPU
		{69A122C2-5118-445E-AA5B-ACB4C3B6CD80}.Debug|Any CPU.Build.0 = Debug|Any CPU
		{69A122C2-5118-445E-AA5B-ACB4C3B6CD80}.Release|Any CPU.ActiveCfg = Release|Any CPU
		{69A122C2-5118-445E-AA5B-ACB4C3B6CD80}.Release|Any CPU.Build.0 = Release|Any CPU
	EndGlobalSection
	GlobalSection(SolutionProperties) = preSolution
		HideSolutionNode = FALSE
	EndGlobalSection
	GlobalSection(ExtensibilityGlobals) = postSolution
		SolutionGuid = {33076519-D7DA-4E24-BC2C-0408739864F3}
	EndGlobalSection
EndGlobal
